# This file is automatically @generated by Cargo.
# It is not intended for manual editing.
version = 4

[[package]]
name = "aequa"
version = "1.1.0"
source = "git+https://github.com/xqhare/aequa#af3e1e5f5e69035ff8d6e1e2fee2dac4d5d51b2a"

[[package]]
name = "ananke"
version = "3.0.0"
dependencies = [
 "anansi",
 "areia",
 "brigid",
 "horae",
 "nabu",
 "talos",
]

[[package]]
name = "anansi"
version = "1.0.0"
source = "git+https://github.com/Xqhare/anansi#94d58a6ceddffee4115d2e697583a2fad3590d3b"

[[package]]
name = "areia"
version = "1.1.0"
source = "git+https://github.com/Xqhare/areia#041cc3e6d11b8a5a116a3c1a029df7bf32a52c4b"

[[package]]
name = "athena"
version = "1.4.0"
source = "git+https://github.com/Xqhare/athena#130168cd3dc2c0b99b8fd3a25d7f9fa05b0d7faf"
dependencies = [
 "aequa",
 "libc",
]

[[package]]
name = "brigid"
version = "1.1.0"
source = "git+https://github.com/Xqhare/brigid#595ce4803c45788f8c69d0864d1ff401ad577e4c"
dependencies = [
 "athena",
 "mawu",
 "nabu",
]

[[package]]
name = "horae"
version = "1.2.0"
source = "git+https://github.com/Xqhare/horae#40a4e9067b536b19fafe5e128cc39777855ff0cd"

[[package]]
name = "libc"
version = "0.2.186"
source = "registry+https://github.com/rust-lang/crates.io-index"
checksum = "68ab91017fe16c622486840e4c83c9a37afeff978bd239b5293d61ece587de66"

[[package]]
name = "mawu"
version = "1.1.0"
source = "git+https://github.com/xqhare/mawu.git#e8b58ed4f0c8976f82d63bf4484992a5f8706900"
dependencies = [
 "athena",
]

[[package]]
name = "nabu"
version = "3.0.0"
source = "git+https://github.com/Xqhare/nabu#5192a42758825eee190cd2eae5a2fc119ad55921"
dependencies = [
 "athena",
]

[[package]]
name = "talos"
version = "1.4.0"
source = "git+https://github.com/Xqhare/talos#191a4dc31207ab7411d9a206b46c7a36b45cb6ee"
dependencies = [
 "libc",
]
